
Microsoft Visual Studio Solution File, Format Version 12.00
# Visual Studio Version 17
VisualStudioVersion = 17.8.34330.188
MinimumVisualStudioVersion = 10.0.40219.1
Project("{2150E333-8FDC-42A3-9474-1A3956D46DE8}") = "Creacionales", "Creacionales", "{DC6A001C-E230-4E2F-800C-D4ABA8F995A3}"
EndProject
Project("{2150E333-8FDC-42A3-9474-1A3956D46DE8}") = "Comportamientos", "Comportamientos", "{9234FF5C-B909-4DDB-A962-4AF48AE4D3A0}"
EndProject
Project("{2150E333-8FDC-42A3-9474-1A3956D46DE8}") = "Estructurales", "Estructurales", "{36F4D166-BF3B-4EB8-AE35-E34B0E405E10}"
EndProject
Project("{2150E333-8FDC-42A3-9474-1A3956D46DE8}") = "Factory_Method", "Factory_Method", "{51E99F2B-868F-4886-8A21-D9473BEE5159}"
EndProject
Project("{2150E333-8FDC-42A3-9474-1A3956D46DE8}") = "Abstract_Factory", "Abstract_Factory", "{C60DA659-9BAC-424E-A301-25BAA65F18CA}"
EndProject
Project("{2150E333-8FDC-42A3-9474-1A3956D46DE8}") = "Builder", "Builder", "{5EEB6C54-B173-47D8-B2F9-68DEADBC18CA}"
EndProject
Project("{2150E333-8FDC-42A3-9474-1A3956D46DE8}") = "Factory_types", "Factory_types", "{E2596918-FC07-4BA8-A98A-4A6C9F5E4660}"
EndProject
Project("{2150E333-8FDC-42A3-9474-1A3956D46DE8}") = "Simple_Factory", "Simple_Factory", "{B82C9FDA-0403-41BC-9DF0-E5CB38285209}"
EndProject
Project("{2150E333-8FDC-42A3-9474-1A3956D46DE8}") = "Singleton", "Singleton", "{737CEF2B-0DA7-456C-BF3C-289C3E1406EE}"
EndProject
Project("{2150E333-8FDC-42A3-9474-1A3956D46DE8}") = "Prototype", "Prototype", "{ED9DDA91-1F96-469A-855B-07814DCFD1E6}"
EndProject
Project("{2150E333-8FDC-42A3-9474-1A3956D46DE8}") = "_Estructura", "_Estructura", "{092F6C45-71CA-4B85-B810-620BE3BDAD82}"
EndProject
Project("{2150E333-8FDC-42A3-9474-1A3956D46DE8}") = "Ejemplos", "Ejemplos", "{11523B75-8C91-4283-97F7-5FE2AD4E45FA}"
EndProject
Project("{FAE04EC0-301F-11D3-BF4B-00C04F79EFBC}") = "Cliente", "Cliente\Cliente.csproj", "{7D874266-CF09-421A-BC19-227373CF6C58}"
EndProject
Project("{FAE04EC0-301F-11D3-BF4B-00C04F79EFBC}") = "Patron_Simple_Factory", "Patron_Simple_Factory\Patron_Simple_Factory.csproj", "{AD1E12DD-E3C5-4D9F-A6FF-463DEBC6C043}"
EndProject
Global
	GlobalSection(SolutionConfigurationPlatforms) = preSolution
		Debug|Any CPU = Debug|Any CPU
		Release|Any CPU = Release|Any CPU
	EndGlobalSection
	GlobalSection(ProjectConfigurationPlatforms) = postSolution
		{7D874266-CF09-421A-BC19-227373CF6C58}.Debug|Any CPU.ActiveCfg = Debug|Any CPU
		{7D874266-CF09-421A-BC19-227373CF6C58}.Debug|Any CPU.Build.0 = Debug|Any CPU
		{7D874266-CF09-421A-BC19-227373CF6C58}.Release|Any CPU.ActiveCfg = Release|Any CPU
		{7D874266-CF09-421A-BC19-227373CF6C58}.Release|Any CPU.Build.0 = Release|Any CPU
		{AD1E12DD-E3C5-4D9F-A6FF-463DEBC6C043}.Debug|Any CPU.ActiveCfg = Debug|Any CPU
		{AD1E12DD-E3C5-4D9F-A6FF-463DEBC6C043}.Debug|Any CPU.Build.0 = Debug|Any CPU
		{AD1E12DD-E3C5-4D9F-A6FF-463DEBC6C043}.Release|Any CPU.ActiveCfg = Release|Any CPU
		{AD1E12DD-E3C5-4D9F-A6FF-463DEBC6C043}.Release|Any CPU.Build.0 = Release|Any CPU
	EndGlobalSection
	GlobalSection(SolutionProperties) = preSolution
		HideSolutionNode = FALSE
	EndGlobalSection
	GlobalSection(NestedProjects) = preSolution
		{51E99F2B-868F-4886-8A21-D9473BEE5159} = {E2596918-FC07-4BA8-A98A-4A6C9F5E4660}
		{C60DA659-9BAC-424E-A301-25BAA65F18CA} = {E2596918-FC07-4BA8-A98A-4A6C9F5E4660}
		{5EEB6C54-B173-47D8-B2F9-68DEADBC18CA} = {DC6A001C-E230-4E2F-800C-D4ABA8F995A3}
		{E2596918-FC07-4BA8-A98A-4A6C9F5E4660} = {DC6A001C-E230-4E2F-800C-D4ABA8F995A3}
		{B82C9FDA-0403-41BC-9DF0-E5CB38285209} = {E2596918-FC07-4BA8-A98A-4A6C9F5E4660}
		{737CEF2B-0DA7-456C-BF3C-289C3E1406EE} = {DC6A001C-E230-4E2F-800C-D4ABA8F995A3}
		{ED9DDA91-1F96-469A-855B-07814DCFD1E6} = {DC6A001C-E230-4E2F-800C-D4ABA8F995A3}
		{092F6C45-71CA-4B85-B810-620BE3BDAD82} = {B82C9FDA-0403-41BC-9DF0-E5CB38285209}
		{11523B75-8C91-4283-97F7-5FE2AD4E45FA} = {B82C9FDA-0403-41BC-9DF0-E5CB38285209}
		{7D874266-CF09-421A-BC19-227373CF6C58} = {092F6C45-71CA-4B85-B810-620BE3BDAD82}
		{AD1E12DD-E3C5-4D9F-A6FF-463DEBC6C043} = {092F6C45-71CA-4B85-B810-620BE3BDAD82}
	EndGlobalSection
	GlobalSection(ExtensibilityGlobals) = postSolution
		SolutionGuid = {8E5D96AF-69D6-476E-83CB-72F72CB97A23}
	EndGlobalSection
EndGlobal
